{
  "name": "feathers-version-checker",
  "version": "0.1.2",
  "lockfileVersion": 1,
  "requires": true,
  "dependencies": {
    "@feathers-plus/batch-loader": {
      "version": "0.3.3",
      "resolved": "https://registry.npmjs.org/@feathers-plus/batch-loader/-/batch-loader-0.3.3.tgz",
      "integrity": "sha512-1ZQ8wRScn6/Si4k8ARdGNAWiBqM90V22/IZqkSmu0zhqFtfk+h/l9od4hGWKdKCw9R5TtcL+CvPZBOa5AT6JfQ=="
    },
    "@feathersjs/commons": {
      "version": "1.4.1",
      "resolved": "https://registry.npmjs.org/@feathersjs/commons/-/commons-1.4.1.tgz",
      "integrity": "sha512-hs3Tz0JV/nwd14B9s+mv4SG+Tll9pDxqEn2wuc5CzL4I2vc1+EnwnhpOkokvQMTAdzsaxwOLoQ4y1BPm6WmMNA=="
    },
    "@feathersjs/errors": {
      "version": "3.3.0",
      "resolved": "https://registry.npmjs.org/@feathersjs/errors/-/errors-3.3.0.tgz",
      "integrity": "sha512-9oYAhAj4CKIix5KITRDEzvyNJNIaqNde5lGqmrQLw4pTuyWMvx9tgBhtXPA0l8lS1KnMKw4Qf1gHo6aKrM+OyQ==",
      "requires": {
        "debug": "^3.1.0"
      }
    },
    "@feathersjs/feathers": {
      "version": "3.1.7",
      "resolved": "https://registry.npmjs.org/@feathersjs/feathers/-/feathers-3.1.7.tgz",
      "integrity": "sha512-4h8ymAw/yK0jnF9xFgeWi2zhj51VHoE94K3y65TLORN7KVUpHMlgaOtSLHNKEDCcFeordOpBGw/Z0Fq58i0+WA==",
      "requires": {
        "@feathersjs/commons": "^1.4.1",
        "debug": "^3.1.0",
        "events": "^3.0.0",
        "uberproto": "^2.0.2"
      }
    },
    "ajv": {
      "version": "5.5.2",
      "resolved": "https://registry.npmjs.org/ajv/-/ajv-5.5.2.tgz",
      "integrity": "sha1-c7Xuyj+rZT49P5Qis0GtQiBdyWU=",
      "requires": {
        "co": "^4.6.0",
        "fast-deep-equal": "^1.0.0",
        "fast-json-stable-stringify": "^2.0.0",
        "json-schema-traverse": "^0.3.0"
      }
    },
    "co": {
      "version": "4.6.0",
      "resolved": "https://registry.npmjs.org/co/-/co-4.6.0.tgz",
      "integrity": "sha1-bqa989hTrlTMuOR7+gvz+QMfsYQ="
    },
    "colors": {
      "version": "1.3.0",
      "resolved": "https://registry.npmjs.org/colors/-/colors-1.3.0.tgz",
      "integrity": "sha512-EDpX3a7wHMWFA7PUHWPHNWqOxIIRSJetuwl0AS5Oi/5FMV8kWm69RTlgm00GKjBO1xFHMtBbL49yRtMMdticBw=="
    },
    "debug": {
      "version": "3.1.0",
      "resolved": "https://registry.npmjs.org/debug/-/debug-3.1.0.tgz",
      "integrity": "sha512-OX8XqP7/1a9cqkxYw2yXss15f26NKWBpDXQd0/uK/KPqdQhxbPa994hnzjcE2VqQpDslf55723cKPUOGSmMY3g==",
      "requires": {
        "ms": "2.0.0"
      }
    },
    "events": {
      "version": "3.0.0",
      "resolved": "https://registry.npmjs.org/events/-/events-3.0.0.tgz",
      "integrity": "sha512-Dc381HFWJzEOhQ+d8pkNon++bk9h6cdAoAj4iE6Q4y6xgTzySWXlKn05/TVNpjnfRqi/X0EpJEJohPjNI3zpVA=="
    },
    "fast-deep-equal": {
      "version": "1.1.0",
      "resolved": "https://registry.npmjs.org/fast-deep-equal/-/fast-deep-equal-1.1.0.tgz",
      "integrity": "sha1-wFNHeBfIa1HaqFPIHgWbcz0CNhQ="
    },
    "fast-json-stable-stringify": {
      "version": "2.0.0",
      "resolved": "https://registry.npmjs.org/fast-json-stable-stringify/-/fast-json-stable-stringify-2.0.0.tgz",
      "integrity": "sha1-1RQsDK7msRifh9OnYREGT4bIu/I="
    },
    "feathers-errors": {
      "version": "2.9.2",
      "resolved": "https://registry.npmjs.org/feathers-errors/-/feathers-errors-2.9.2.tgz",
      "integrity": "sha512-qwIX97bNW7+1tWVG073+omUA0rCYKJtTtwuzTrrvfrtdr8J8Dk1Fy4iaV9Fa6/YBD5AZu0lsplPE0iu4u/d4GQ==",
      "requires": {
        "debug": "^3.0.0"
      }
    },
    "feathers-hooks-common": {
      "version": "4.14.1",
      "resolved": "https://registry.npmjs.org/feathers-hooks-common/-/feathers-hooks-common-4.14.1.tgz",
      "integrity": "sha512-CEkoVgQP94+GYP78SyDx3Wx+wcEKFiFZBrFH3M7kddgsr9bq0A6uAVNuX6G0+u689xJY9fRi/VQHv/6TQ/TUhg==",
      "requires": {
        "@feathers-plus/batch-loader": "^0.3.0",
        "@feathersjs/commons": "^1.4.0",
        "@feathersjs/errors": "^3.3.0",
        "@feathersjs/feathers": "^3.1.3",
        "ajv": "^5.5.2",
        "debug": "^3.1.0",
        "process": "0.11.10",
        "traverse": "^0.6.6"
      }
    },
    "json-schema-traverse": {
      "version": "0.3.1",
      "resolved": "https://registry.npmjs.org/json-schema-traverse/-/json-schema-traverse-0.3.1.tgz",
      "integrity": "sha1-NJptRMU6Ud6JtAgFxdXlm0F9M0A="
    },
    "lodash.toarray": {
      "version": "4.4.0",
      "resolved": "https://registry.npmjs.org/lodash.toarray/-/lodash.toarray-4.4.0.tgz",
      "integrity": "sha1-JMS/zWsvuji/0FlNsRedjptlZWE="
    },
    "ms": {
      "version": "2.0.0",
      "resolved": "https://registry.npmjs.org/ms/-/ms-2.0.0.tgz",
      "integrity": "sha1-VgiurfwAvmwpAd9fmGF4jeDVl8g="
    },
    "node-emoji": {
      "version": "1.8.1",
      "resolved": "https://registry.npmjs.org/node-emoji/-/node-emoji-1.8.1.tgz",
      "integrity": "sha512-+ktMAh1Jwas+TnGodfCfjUbJKoANqPaJFN0z0iqh41eqD8dvguNzcitVSBSVK1pidz0AqGbLKcoVuVLRVZ/aVg==",
      "requires": {
        "lodash.toarray": "^4.4.0"
      }
    },
    "process": {
      "version": "0.11.10",
      "resolved": "https://registry.npmjs.org/process/-/process-0.11.10.tgz",
      "integrity": "sha1-czIwDoQBYb2j5podHZGn1LwW8YI="
    },
    "traverse": {
      "version": "0.6.6",
      "resolved": "https://registry.npmjs.org/traverse/-/traverse-0.6.6.tgz",
      "integrity": "sha1-y99WD9e5r2MlAv7UD5GMFX6pcTc="
    },
    "uberproto": {
      "version": "2.0.3",
      "resolved": "https://registry.npmjs.org/uberproto/-/uberproto-2.0.3.tgz",
      "integrity": "sha512-TFEyMv0ofimpBPmm7iFuInqcQyGgAd2E3oAUxXRk+7amilcrQ+/Ql/DxwxNRWciS7mHLX5Qog0FQ7r5X8mI+RQ=="
    },
    "version_checker": {
      "version": "git+https://github.com/oizpans/version_checker.git#7617a5db39ceb945a17fec9cd0d26238a267f39e",
      "from": "git+https://github.com/oizpans/version_checker.git",
      "requires": {
        "colors": "^1.3.0",
        "node-emoji": "^1.8.1"
      }
    }
  }
}
